// !$*UTF8*$!
{
	archiveVersion = 1;
	classes = {
	};
	objectVersion = 50;
	objects = {

/* Begin PBXBuildFile section */
		F6EB6CD526D5316000C77F3B /* AppDelegate.swift in Sources */ = {isa = PBXBuildFile; fileRef = F6EB6CD426D5316000C77F3B /* AppDelegate.swift */; };
		F6EB6CD726D5316000C77F3B /* SceneDelegate.swift in Sources */ = {isa = PBXBuildFile; fileRef = F6EB6CD626D5316000C77F3B /* SceneDelegate.swift */; };
		F6EB6CD926D5316000C77F3B /* ViewController.swift in Sources */ = {isa = PBXBuildFile; fileRef = F6EB6CD826D5316000C77F3B /* ViewController.swift */; };
		F6EB6CDC26D5316000C77F3B /* Main.storyboard in Resources */ = {isa = PBXBuildFile; fileRef = F6EB6CDA26D5316000C77F3B /* Main.storyboard */; };
		F6EB6CDE26D5316100C77F3B /* Assets.xcassets in Resources */ = {isa = PBXBuildFile; fileRef = F6EB6CDD26D5316100C77F3B /* Assets.xcassets */; };
		F6EB6CE126D5316100C77F3B /* LaunchScreen.storyboard in Resources */ = {isa = PBXBuildFile; fileRef = F6EB6CDF26D5316100C77F3B /* LaunchScreen.storyboard */; };
		F6EB6CEC26D5382400C77F3B /* SimpleSound.swift in Sources */ = {isa = PBXBuildFile; fileRef = F6EB6CE826D5382400C77F3B /* SimpleSound.swift */; };
		F6EB6CED26D5382400C77F3B /* meow.m4a in Resources */ = {isa = PBXBuildFile; fileRef = F6EB6CE926D5382400C77F3B /* meow.m4a */; };
		F6EB6CEE26D5382400C77F3B /* moo.m4a in Resources */ = {isa = PBXBuildFile; fileRef = F6EB6CEA26D5382400C77F3B /* moo.m4a */; };
		F6EB6CEF26D5382400C77F3B /* woof.m4a in Resources */ = {isa = PBXBuildFile; fileRef = F6EB6CEB26D5382400C77F3B /* woof.m4a */; };
/* End PBXBuildFile section */

/* Begin PBXFileReference section */
		F6EB6CD126D5316000C77F3B /* AnimalSounds.app */ = {isa = PBXFileReference; explicitFileType = wrapper.application; includeInIndex = 0; path = AnimalSounds.app; sourceTree = BUILT_PRODUCTS_DIR; };
		F6EB6CD426D5316000C77F3B /* AppDelegate.swift */ = {isa = PBXFileReference; lastKnownFileType = sourcecode.swift; path = AppDelegate.swift; sourceTree = "<group>"; };
		F6EB6CD626D5316000C77F3B /* SceneDelegate.swift */ = {isa = PBXFileReference; lastKnownFileType = sourcecode.swift; path = SceneDelegate.swift; sourceTree = "<group>"; };
		F6EB6CD826D5316000C77F3B /* ViewController.swift */ = {isa = PBXFileReference; lastKnownFileType = sourcecode.swift; path = ViewController.swift; sourceTree = "<group>"; };
		F6EB6CDB26D5316000C77F3B /* Base */ = {isa = PBXFileReference; lastKnownFileType = file.storyboard; name = Base; path = Base.lproj/Main.storyboard; sourceTree = "<group>"; };
		F6EB6CDD26D5316100C77F3B /* Assets.xcassets */ = {isa = PBXFileReference; lastKnownFileType = folder.assetcatalog; path = Assets.xcassets; sourceTree = "<group>"; };
		F6EB6CE026D5316100C77F3B /* Base */ = {isa = PBXFileReference; lastKnownFileType = file.storyboard; name = Base; path = Base.lproj/LaunchScreen.storyboard; sourceTree = "<group>"; };
		F6EB6CE226D5316100C77F3B /* Info.plist */ = {isa = PBXFileReference; lastKnownFileType = text.plist.xml; path = Info.plist; sourceTree = "<group>"; };
		F6EB6CE826D5382400C77F3B /* SimpleSound.swift */ = {isa = PBXFileReference; fileEncoding = 4; lastKnownFileType = sourcecode.swift; path = SimpleSound.swift; sourceTree = "<group>"; };
		F6EB6CE926D5382400C77F3B /* meow.m4a */ = {isa = PBXFileReference; lastKnownFileType = file; path = meow.m4a; sourceTree = "<group>"; };
		F6EB6CEA26D5382400C77F3B /* moo.m4a */ = {isa = PBXFileReference; lastKnownFileType = file; path = moo.m4a; sourceTree = "<group>"; };
		F6EB6CEB26D5382400C77F3B /* woof.m4a */ = {isa = PBXFileReference; lastKnownFileType = file; path = woof.m4a; sourceTree = "<group>"; };
/* End PBXFileReference section */

/* Begin PBXFrameworksBuildPhase section */
		F6EB6CCE26D5316000C77F3B /* Frameworks */ = {
			isa = PBXFrameworksBuildPhase;
			buildActionMask = 2147483647;
			files = (
			);
			runOnlyForDeploymentPostprocessing = 0;
		};
/* End PBXFrameworksBuildPhase section */

/* Begin PBXGroup section */
		F6EB6CC826D5316000C77F3B = {
			isa = PBXGroup;
			children = (
				F6EB6CD326D5316000C77F3B /* AnimalSounds */,
				F6EB6CD226D5316000C77F3B /* Products */,
			);
			sourceTree = "<group>";
		};
		F6EB6CD226D5316000C77F3B /* Products */ = {
			isa = PBXGroup;
			children = (
				F6EB6CD126D5316000C77F3B /* AnimalSounds.app */,
			);
			name = Products;
			sourceTree = "<group>";
		};
		F6EB6CD326D5316000C77F3B /* AnimalSounds */ = {
			isa = PBXGroup;
			children = (
				F6EB6CE826D5382400C77F3B /* SimpleSound.swift */,
				F6EB6CD426D5316000C77F3B /* AppDelegate.swift */,
				F6EB6CE926D5382400C77F3B /* meow.m4a */,
				F6EB6CEA26D5382400C77F3B /* moo.m4a */,
				F6EB6CEB26D5382400C77F3B /* woof.m4a */,
				F6EB6CD626D5316000C77F3B /* SceneDelegate.swift */,
				F6EB6CD826D5316000C77F3B /* ViewController.swift */,
				F6EB6CDA26D5316000C77F3B /* Main.storyboard */,
				F6EB6CDD26D5316100C77F3B /* Assets.xcassets */,
				F6EB6CDF26D5316100C77F3B /* LaunchScreen.storyboard */,
				F6EB6CE226D5316100C77F3B /* Info.plist */,
			);
			path = AnimalSounds;
			sourceTree = "<group>";
		};
/* End PBXGroup section */

/* Begin PBXNativeTarget section */
		F6EB6CD026D5316000C77F3B /* AnimalSounds */ = {
			isa = PBXNativeTarget;
			buildConfigurationList = F6EB6CE526D5316100C77F3B /* Build configuration list for PBXNativeTarget "AnimalSounds" */;
			buildPhases = (
				F6EB6CCD26D5316000C77F3B /* Sources */,
				F6EB6CCE26D5316000C77F3B /* Frameworks */,
				F6EB6CCF26D5316000C77F3B /* Resources */,
			);
			buildRules = (
			);
			dependencies = (
			);
			name = AnimalSounds;
			productName = AnimalSounds;
			productReference = F6EB6CD126D5316000C77F3B /* AnimalSounds.app */;
			productType = "com.apple.product-type.application";
		};
/* End PBXNativeTarget section */

/* Begin PBXProject section */
		F6EB6CC926D5316000C77F3B /* Project object */ = {
			isa = PBXProject;
			attributes = {
				LastSwiftUpdateCheck = 1250;
				LastUpgradeCheck = 1250;
				TargetAttributes = {
					F6EB6CD026D5316000C77F3B = {
						CreatedOnToolsVersion = 12.5.1;
					};
				};
			};
			buildConfigurationList = F6EB6CCC26D5316000C77F3B /* Build configuration list for PBXProject "AnimalSounds" */;
			compatibilityVersion = "Xcode 9.3";
			developmentRegion = en;
			hasScannedForEncodings = 0;
			knownRegions = (
				en,
				Base,
			);
			mainGroup = F6EB6CC826D5316000C77F3B;
			productRefGroup = F6EB6CD226D5316000C77F3B /* Products */;
			projectDirPath = "";
			projectRoot = "";
			targets = (
				F6EB6CD026D5316000C77F3B /* AnimalSounds */,
			);
		};
/* End PBXProject section */

/* Begin PBXResourcesBuildPhase section */
		F6EB6CCF26D5316000C77F3B /* Resources */ = {
			isa = PBXResourcesBuildPhase;
			buildActionMask = 2147483647;
			files = (
				F6EB6CED26D5382400C77F3B /* meow.m4a in Resources */,
				F6EB6CEF26D5382400C77F3B /* woof.m4a in Resources */,
				F6EB6CEE26D5382400C77F3B /* moo.m4a in Resources */,
				F6EB6CE126D5316100C77F3B /* LaunchScreen.storyboard in Resources */,
				F6EB6CDE26D5316100C77F3B /* Assets.xcassets in Resources */,
				F6EB6CDC26D5316000C77F3B /* Main.storyboard in Resources */,
			);
			runOnlyForDeploymentPostprocessing = 0;
		};
/* End PBXResourcesBuildPhase section */

/* Begin PBXSourcesBuildPhase section */
		F6EB6CCD26D5316000C77F3B /* Sources */ = {
			isa = PBXSourcesBuildPhase;
			buildActionMask = 2147483647;
			files = (
				F6EB6CD926D5316000C77F3B /* ViewController.swift in Sources */,
				F6EB6CD526D5316000C77F3B /* AppDelegate.swift in Sources */,
				F6EB6CD726D5316000C77F3B /* SceneDelegate.swift in Sources */,
				F6EB6CEC26D5382400C77F3B /* SimpleSound.swift in Sources */,
			);
			runOnlyForDeploymentPostprocessing = 0;
		};
/* End PBXSourcesBuildPhase section */

/* Begin PBXVariantGroup section */
		F6EB6CDA26D5316000C77F3B /* Main.storyboard */ = {
			isa = PBXVariantGroup;
			children = (
				F6EB6CDB26D5316000C77F3B /* Base */,
			);
			name = Main.storyboard;
			sourceTree = "<group>";
		};
		F6EB6CDF26D5316100C77F3B /* LaunchScreen.storyboard */ = {
			isa = PBXVariantGroup;
			children = (
				F6EB6CE026D5316100C77F3B /* Base */,
			);
			name = LaunchScreen.storyboard;
			sourceTree = "<group>";
		};
/* End PBXVariantGroup section */

/* Begin XCBuildConfiguration section */
		F6EB6CE326D5316100C77F3B /* Debug */ = {
			isa = XCBuildConfiguration;
			buildSettings = {
				ALWAYS_SEARCH_USER_PATHS = NO;
				CLANG_ANALYZER_NONNULL = YES;
				CLANG_ANALYZER_NUMBER_OBJECT_CONVERSION = YES_AGGRESSIVE;
				CLANG_CXX_LANGUAGE_STANDARD = "gnu++14";
				CLANG_CXX_LIBRARY = "libc++";
				CLANG_ENABLE_MODULES = YES;
				CLANG_ENABLE_OBJC_ARC = YES;
				CLANG_ENABLE_OBJC_WEAK = YES;
				CLANG_WARN_BLOCK_CAPTURE_AUTORELEASING = YES;
				CLANG_WARN_BOOL_CONVERSION = YES;
				CLANG_WARN_COMMA = YES;
				CLANG_WARN_CONSTANT_CONVERSION = YES;
				CLANG_WARN_DEPRECATED_OBJC_IMPLEMENTATIONS = YES;
				CLANG_WARN_DIRECT_OBJC_ISA_USAGE = YES_ERROR;
				CLANG_WARN_DOCUMENTATION_COMMENTS = YES;
				CLANG_WARN_EMPTY_BODY = YES;
				CLANG_WARN_ENUM_CONVERSION = YES;
				CLANG_WARN_INFINITE_RECURSION = YES;
				CLANG_WARN_INT_CONVERSION = YES;
				CLANG_WARN_NON_LITERAL_NULL_CONVERSION = YES;
				CLANG_WARN_OBJC_IMPLICIT_RETAIN_SELF = YES;
				CLANG_WARN_OBJC_LITERAL_CONVERSION = YES;
				CLANG_WARN_OBJC_ROOT_CLASS = YES_ERROR;
				CLANG_WARN_QUOTED_INCLUDE_IN_FRAMEWORK_HEADER = YES;
				CLANG_WARN_RANGE_LOOP_ANALYSIS = YES;
				CLANG_WARN_STRICT_PROTOTYPES = YES;
				CLANG_WARN_SUSPICIOUS_MOVE = YES;
				CLANG_WARN_UNGUARDED_AVAILABILITY = YES_AGGRESSIVE;
				CLANG_WARN_UNREACHABLE_CODE = YES;
				CLANG_WARN__DUPLICATE_METHOD_MATCH = YES;
				COPY_PHASE_STRIP = NO;
				DEBUG_INFORMATION_FORMAT = dwarf;
				ENABLE_STRICT_OBJC_MSGSEND = YES;
				ENABLE_TESTABILITY = YES;
				GCC_C_LANGUAGE_STANDARD = gnu11;
				GCC_DYNAMIC_NO_PIC = NO;
				GCC_NO_COMMON_BLOCKS = YES;
				GCC_OPTIMIZATION_LEVEL = 0;
				GCC_PREPROCESSOR_DEFINITIONS = (
					"DEBUG=1",
					"$(inherited)",
				);
				GCC_WARN_64_TO_32_BIT_CONVERSION = YES;
				GCC_WARN_ABOUT_RETURN_TYPE = YES_ERROR;
				GCC_WARN_UNDECLARED_SELECTOR = YES;
				GCC_WARN_UNINITIALIZED_AUTOS = YES_AGGRESSIVE;
				GCC_WARN_UNUSED_FUNCTION = YES;
				GCC_WARN_UNUSED_VARIABLE = YES;
				IPHONEOS_DEPLOYMENT_TARGET = 14.5;
				MTL_ENABLE_DEBUG_INFO = INCLUDE_SOURCE;
				MTL_FAST_MATH = YES;
				ONLY_ACTIVE_ARCH = YES;
				SDKROOT = iphoneos;
				SWIFT_ACTIVE_COMPILATION_CONDITIONS = DEBUG;
				SWIFT_OPTIMIZATION_LEVEL = "-Onone";
			};
			name = Debug;
		};
		F6EB6CE426D5316100C77F3B /* Release */ = {
			isa = XCBuildConfiguration;
			buildSettings = {
				ALWAYS_SEARCH_USER_PATHS = NO;
				CLANG_ANALYZER_NONNULL = YES;
				CLANG_ANALYZER_NUMBER_OBJECT_CONVERSION = YES_AGGRESSIVE;
				CLANG_CXX_LANGUAGE_STANDARD = "gnu++14";
				CLANG_CXX_LIBRARY = "libc++";
				CLANG_ENABLE_MODULES = YES;
				CLANG_ENABLE_OBJC_ARC = YES;
				CLANG_ENABLE_OBJC_WEAK = YES;
				CLANG_WARN_BLOCK_CAPTURE_AUTORELEASING = YES;
				CLANG_WARN_BOOL_CONVERSION = YES;
				CLANG_WARN_COMMA = YES;
				CLANG_WARN_CONSTANT_CONVERSION = YES;
				CLANG_WARN_DEPRECATED_OBJC_IMPLEMENTATIONS = YES;
				CLANG_WARN_DIRECT_OBJC_ISA_USAGE = YES_ERROR;
				CLANG_WARN_DOCUMENTATION_COMMENTS = YES;
				CLANG_WARN_EMPTY_BODY = YES;
				CLANG_WARN_ENUM_CONVERSION = YES;
				CLANG_WARN_INFINITE_RECURSION = YES;
				CLANG_WARN_INT_CONVERSION = YES;
				CLANG_WARN_NON_LITERAL_NULL_CONVERSION = YES;
				CLANG_WARN_OBJC_IMPLICIT_RETAIN_SELF = YES;
				CLANG_WARN_OBJC_LITERAL_CONVERSION = YES;
				CLANG_WARN_OBJC_ROOT_CLASS = YES_ERROR;
				CLANG_WARN_QUOTED_INCLUDE_IN_FRAMEWORK_HEADER = YES;
				CLANG_WARN_RANGE_LOOP_ANALYSIS = YES;
				CLANG_WARN_STRICT_PROTOTYPES = YES;
				CLANG_WARN_SUSPICIOUS_MOVE = YES;
				CLANG_WARN_UNGUARDED_AVAILABILITY = YES_AGGRESSIVE;
				CLANG_WARN_UNREACHABLE_CODE = YES;
				CLANG_WARN__DUPLICATE_METHOD_MATCH = YES;
				COPY_PHASE_STRIP = NO;
				DEBUG_INFORMATION_FORMAT = "dwarf-with-dsym";
				ENABLE_NS_ASSERTIONS = NO;
				ENABLE_STRICT_OBJC_MSGSEND = YES;
				GCC_C_LANGUAGE_STANDARD = gnu11;
				GCC_NO_COMMON_BLOCKS = YES;
				GCC_WARN_64_TO_32_BIT_CONVERSION = YES;
				GCC_WARN_ABOUT_RETURN_TYPE = YES_ERROR;
				GCC_WARN_UNDECLARED_SELECTOR = YES;
				GCC_WARN_UNINITIALIZED_AUTOS = YES_AGGRESSIVE;
				GCC_WARN_UNUSED_FUNCTION = YES;
				GCC_WARN_UNUSED_VARIABLE = YES;
				IPHONEOS_DEPLOYMENT_TARGET = 14.5;
				MTL_ENABLE_DEBUG_INFO = NO;
				MTL_FAST_MATH = YES;
				SDKROOT = iphoneos;
				SWIFT_COMPILATION_MODE = wholemodule;
				SWIFT_OPTIMIZATION_LEVEL = "-O";
				VALIDATE_PRODUCT = YES;
			};
			name = Release;
		};
		F6EB6CE626D5316100C77F3B /* Debug */ = {
			isa = XCBuildConfiguration;
			buildSettings = {
				ASSETCATALOG_COMPILER_APPICON_NAME = AppIcon;
				ASSETCATALOG_COMPILER_GLOBAL_ACCENT_COLOR_NAME = AccentColor;
				CODE_SIGN_STYLE = Automatic;
				DEVELOPMENT_TEAM = LV4QMTDDN4;
				INFOPLIST_FILE = AnimalSounds/Info.plist;
				LD_RUNPATH_SEARCH_PATHS = (
					"$(inherited)",
					"@executable_path/Frameworks",
				);
				PRODUCT_BUNDLE_IDENTIFIER = CrazyHearse.AnimalSounds;
				PRODUCT_NAME = "$(TARGET_NAME)";
				SWIFT_VERSION = 5.0;
				TARGETED_DEVICE_FAMILY = "1,2";
			};
			name = Debug;
		};
		F6EB6CE726D5316100C77F3B /* Release */ = {
			isa = XCBuildConfiguration;
			buildSettings = {
				ASSETCATALOG_COMPILER_APPICON_NAME = AppIcon;
				ASSETCATALOG_COMPILER_GLOBAL_ACCENT_COLOR_NAME = AccentColor;
				CODE_SIGN_STYLE = Automatic;
				DEVELOPMENT_TEAM = LV4QMTDDN4;
				INFOPLIST_FILE = AnimalSounds/Info.plist;
				LD_RUNPATH_SEARCH_PATHS = (
					"$(inherited)",
					"@executable_path/Frameworks",
				);
				PRODUCT_BUNDLE_IDENTIFIER = CrazyHearse.AnimalSounds;
				PRODUCT_NAME = "$(TARGET_NAME)";
				SWIFT_VERSION = 5.0;
				TARGETED_DEVICE_FAMILY = "1,2";
			};
			name = Release;
		};
/* End XCBuildConfiguration section */

/* Begin XCConfigurationList section */
		F6EB6CCC26D5316000C77F3B /* Build configuration list for PBXProject "AnimalSounds" */ = {
			isa = XCConfigurationList;
			buildConfigurations = (
				F6EB6CE326D5316100C77F3B /* Debug */,
				F6EB6CE426D5316100C77F3B /* Release */,
			);
			defaultConfigurationIsVisible = 0;
			defaultConfigurationName = Release;
		};
		F6EB6CE526D5316100C77F3B /* Build configuration list for PBXNativeTarget "AnimalSounds" */ = {
			isa = XCConfigurationList;
			buildConfigurations = (
				F6EB6CE626D5316100C77F3B /* Debug */,
				F6EB6CE726D5316100C77F3B /* Release */,
			);
			defaultConfigurationIsVisible = 0;
			defaultConfigurationName = Release;
		};
/* End XCConfigurationList section */
	};
	rootObject = F6EB6CC926D5316000C77F3B /* Project object */;
}
